
Microsoft Visual Studio Solution File, Format Version 12.00
# Visual Studio 2013
VisualStudioVersion = 12.0.30723.0
MinimumVisualStudioVersion = 10.0.40219.1
Project("{8BC9CEB8-8B4A-11D0-8D11-00A0C91BC942}") = "Framework", "Source\Framework\Framework.vcxproj", "{531CA803-E5EA-441D-A24C-BEBB862C4EEE}"
EndProject
Project("{2150E333-8FDC-42A3-9474-1A3956D46DE8}") = "Samples", "Samples", "{6A753072-6871-439C-865C-7E393FE4AD6B}"
EndProject
Project("{8BC9CEB8-8B4A-11D0-8D11-00A0C91BC942}") = "01-ModelViewer", "Source\01-Model Viewer\01-ModelViewer.vcxproj", "{AD8060ED-5100-49B4-909C-9732CEFBF654}"
EndProject
Project("{8BC9CEB8-8B4A-11D0-8D11-00A0C91BC942}") = "00-ProjectTemplate", "Source\00-Project Template\00-ProjectTemplate.vcxproj", "{067E507E-B2DC-4549-9C9F-9EB375FCEB58}"
EndProject
Project("{8BC9CEB8-8B4A-11D0-8D11-00A0C91BC942}") = "02-Npr", "Source\02-NPR\02-NPR.vcxproj", "{FB332599-FED0-41C2-956E-DB66850508F8}"
EndProject
Global
	GlobalSection(SolutionConfigurationPlatforms) = preSolution
		Debug|Win32 = Debug|Win32
		Release|Win32 = Release|Win32
	EndGlobalSection
	GlobalSection(ProjectConfigurationPlatforms) = postSolution
		{531CA803-E5EA-441D-A24C-BEBB862C4EEE}.Debug|Win32.ActiveCfg = Debug|Win32
		{531CA803-E5EA-441D-A24C-BEBB862C4EEE}.Debug|Win32.Build.0 = Debug|Win32
		{531CA803-E5EA-441D-A24C-BEBB862C4EEE}.Release|Win32.ActiveCfg = Release|Win32
		{531CA803-E5EA-441D-A24C-BEBB862C4EEE}.Release|Win32.Build.0 = Release|Win32
		{AD8060ED-5100-49B4-909C-9732CEFBF654}.Debug|Win32.ActiveCfg = Debug|Win32
		{AD8060ED-5100-49B4-909C-9732CEFBF654}.Debug|Win32.Build.0 = Debug|Win32
		{AD8060ED-5100-49B4-909C-9732CEFBF654}.Release|Win32.ActiveCfg = Release|Win32
		{AD8060ED-5100-49B4-909C-9732CEFBF654}.Release|Win32.Build.0 = Release|Win32
		{067E507E-B2DC-4549-9C9F-9EB375FCEB58}.Debug|Win32.ActiveCfg = Debug|Win32
		{067E507E-B2DC-4549-9C9F-9EB375FCEB58}.Debug|Win32.Build.0 = Debug|Win32
		{067E507E-B2DC-4549-9C9F-9EB375FCEB58}.Release|Win32.ActiveCfg = Release|Win32
		{067E507E-B2DC-4549-9C9F-9EB375FCEB58}.Release|Win32.Build.0 = Release|Win32
		{FB332599-FED0-41C2-956E-DB66850508F8}.Debug|Win32.ActiveCfg = Debug|Win32
		{FB332599-FED0-41C2-956E-DB66850508F8}.Debug|Win32.Build.0 = Debug|Win32
		{FB332599-FED0-41C2-956E-DB66850508F8}.Release|Win32.ActiveCfg = Release|Win32
		{FB332599-FED0-41C2-956E-DB66850508F8}.Release|Win32.Build.0 = Release|Win32
	EndGlobalSection
	GlobalSection(SolutionProperties) = preSolution
		HideSolutionNode = FALSE
	EndGlobalSection
	GlobalSection(NestedProjects) = preSolution
		{AD8060ED-5100-49B4-909C-9732CEFBF654} = {6A753072-6871-439C-865C-7E393FE4AD6B}
		{067E507E-B2DC-4549-9C9F-9EB375FCEB58} = {6A753072-6871-439C-865C-7E393FE4AD6B}
		{FB332599-FED0-41C2-956E-DB66850508F8} = {6A753072-6871-439C-865C-7E393FE4AD6B}
	EndGlobalSection
EndGlobal
