<?xml version="1.0" encoding="utf-8"?>
<Project ToolsVersion="4.0" xmlns="http://schemas.microsoft.com/developer/msbuild/2003">
  <ItemGroup>
    <ClCompile Include="SilhouetteShader.cpp">
      <Filter>Silhouette Shader</Filter>
    </ClCompile>
    <ClCompile Include="NprShading.cpp">
      <Filter>NprShading</Filter>
    </ClCompile>
    <ClCompile Include="NPR.cpp" />
  </ItemGroup>
  <ItemGroup>
    <ClInclude Include="SilhouetteShader.h">
      <Filter>Silhouette Shader</Filter>
    </ClInclude>
    <ClInclude Include="NprShading.h">
      <Filter>NprShading</Filter>
    </ClInclude>
    <ClInclude Include="NPR.h" />
  </ItemGroup>
  <ItemGroup>
    <ResourceCompile Include="Icon.rc" />
  </ItemGroup>
  <ItemGroup>
    <Filter Include="Silhouette Shader">
      <UniqueIdentifier>{714f0a4c-4134-4767-982a-ad33dd230708}</UniqueIdentifier>
    </Filter>
    <Filter Include="NprShading">
      <UniqueIdentifier>{5d43482c-5d41-4014-8882-a66c81ccc7ae}</UniqueIdentifier>
    </Filter>
  </ItemGroup>
  <ItemGroup>
    <FxCompile Include="..\..\Media\Shaders\02-CelShading\SilhouetteShader.hlsl">
      <Filter>Silhouette Shader</Filter>
    </FxCompile>
    <FxCompile Include="..\..\Media\Shaders\02-CelShading\NprShading.hlsl">
      <Filter>NprShading</Filter>
    </FxCompile>
  </ItemGroup>
</Project>